
Microsoft Visual Studio Solution File, Format Version 12.00
# Visual Studio Version 16
VisualStudioVersion = 16.0.31112.23
MinimumVisualStudioVersion = 10.0.40219.1
Project("{FAE04EC0-301F-11D3-BF4B-00C04F79EFBC}") = "homework_01", "homework_01\homework_01.csproj", "{0B09D117-657A-4653-97A5-FABF8BD39C6E}"
EndProject
Project("{FAE04EC0-301F-11D3-BF4B-00C04F79EFBC}") = "homework_02", "homework_02\homework_02.csproj", "{16058DAD-3711-4A79-BD24-A8B357AB96E6}"
EndProject
Project("{FAE04EC0-301F-11D3-BF4B-00C04F79EFBC}") = "homework_03", "homework_03\homework_03.csproj", "{CA461FE1-0563-4163-8FE4-B30916EA3198}"
EndProject
Global
	GlobalSection(SolutionConfigurationPlatforms) = preSolution
		Debug|Any CPU = Debug|Any CPU
		Release|Any CPU = Release|Any CPU
	EndGlobalSection
	GlobalSection(ProjectConfigurationPlatforms) = postSolution
		{0B09D117-657A-4653-97A5-FABF8BD39C6E}.Debug|Any CPU.ActiveCfg = Debug|Any CPU
		{0B09D117-657A-4653-97A5-FABF8BD39C6E}.Debug|Any CPU.Build.0 = Debug|Any CPU
		{0B09D117-657A-4653-97A5-FABF8BD39C6E}.Release|Any CPU.ActiveCfg = Release|Any CPU
		{0B09D117-657A-4653-97A5-FABF8BD39C6E}.Release|Any CPU.Build.0 = Release|Any CPU
		{16058DAD-3711-4A79-BD24-A8B357AB96E6}.Debug|Any CPU.ActiveCfg = Debug|Any CPU
		{16058DAD-3711-4A79-BD24-A8B357AB96E6}.Debug|Any CPU.Build.0 = Debug|Any CPU
		{16058DAD-3711-4A79-BD24-A8B357AB96E6}.Release|Any CPU.ActiveCfg = Release|Any CPU
		{16058DAD-3711-4A79-BD24-A8B357AB96E6}.Release|Any CPU.Build.0 = Release|Any CPU
		{CA461FE1-0563-4163-8FE4-B30916EA3198}.Debug|Any CPU.ActiveCfg = Debug|Any CPU
		{CA461FE1-0563-4163-8FE4-B30916EA3198}.Debug|Any CPU.Build.0 = Debug|Any CPU
		{CA461FE1-0563-4163-8FE4-B30916EA3198}.Release|Any CPU.ActiveCfg = Release|Any CPU
		{CA461FE1-0563-4163-8FE4-B30916EA3198}.Release|Any CPU.Build.0 = Release|Any CPU
	EndGlobalSection
	GlobalSection(SolutionProperties) = preSolution
		HideSolutionNode = FALSE
	EndGlobalSection
	GlobalSection(ExtensibilityGlobals) = postSolution
		SolutionGuid = {8FCE16DA-8B3A-408D-A1B7-103093C5A084}
	EndGlobalSection
EndGlobal
