
Microsoft Visual Studio Solution File, Format Version 12.00
# Visual Studio Version 16
VisualStudioVersion = 16.0.31112.23
MinimumVisualStudioVersion = 10.0.40219.1
Project("{FAE04EC0-301F-11D3-BF4B-00C04F79EFBC}") = "CinemaniaApp", "CinemaniaApp\CinemaniaApp.csproj", "{565A3C9A-2F04-45C9-8E30-214E4D36F190}"
EndProject
Project("{FAE04EC0-301F-11D3-BF4B-00C04F79EFBC}") = "CinemaniaLibrary", "CinemaniaLibrary\CinemaniaLibrary.csproj", "{FA4D113B-832C-4406-9C5B-517CAB85C8A5}"
EndProject
Project("{FAE04EC0-301F-11D3-BF4B-00C04F79EFBC}") = "CinemaniaServices", "CinemaniaServices\CinemaniaServices.csproj", "{69BA3D31-F72D-4D54-8E9A-09C1AE1E1137}"
EndProject
Global
	GlobalSection(SolutionConfigurationPlatforms) = preSolution
		Debug|Any CPU = Debug|Any CPU
		Release|Any CPU = Release|Any CPU
	EndGlobalSection
	GlobalSection(ProjectConfigurationPlatforms) = postSolution
		{565A3C9A-2F04-45C9-8E30-214E4D36F190}.Debug|Any CPU.ActiveCfg = Debug|Any CPU
		{565A3C9A-2F04-45C9-8E30-214E4D36F190}.Debug|Any CPU.Build.0 = Debug|Any CPU
		{565A3C9A-2F04-45C9-8E30-214E4D36F190}.Release|Any CPU.ActiveCfg = Release|Any CPU
		{565A3C9A-2F04-45C9-8E30-214E4D36F190}.Release|Any CPU.Build.0 = Release|Any CPU
		{FA4D113B-832C-4406-9C5B-517CAB85C8A5}.Debug|Any CPU.ActiveCfg = Debug|Any CPU
		{FA4D113B-832C-4406-9C5B-517CAB85C8A5}.Debug|Any CPU.Build.0 = Debug|Any CPU
		{FA4D113B-832C-4406-9C5B-517CAB85C8A5}.Release|Any CPU.ActiveCfg = Release|Any CPU
		{FA4D113B-832C-4406-9C5B-517CAB85C8A5}.Release|Any CPU.Build.0 = Release|Any CPU
		{69BA3D31-F72D-4D54-8E9A-09C1AE1E1137}.Debug|Any CPU.ActiveCfg = Debug|Any CPU
		{69BA3D31-F72D-4D54-8E9A-09C1AE1E1137}.Debug|Any CPU.Build.0 = Debug|Any CPU
		{69BA3D31-F72D-4D54-8E9A-09C1AE1E1137}.Release|Any CPU.ActiveCfg = Release|Any CPU
		{69BA3D31-F72D-4D54-8E9A-09C1AE1E1137}.Release|Any CPU.Build.0 = Release|Any CPU
	EndGlobalSection
	GlobalSection(SolutionProperties) = preSolution
		HideSolutionNode = FALSE
	EndGlobalSection
	GlobalSection(ExtensibilityGlobals) = postSolution
		SolutionGuid = {E798C2DA-A270-46F1-9427-76BF61D0B19A}
	EndGlobalSection
EndGlobal
