
Microsoft Visual Studio Solution File, Format Version 12.00
# Visual Studio Version 16
VisualStudioVersion = 16.0.31112.23
MinimumVisualStudioVersion = 10.0.40219.1
Project("{9A19103F-16F7-4668-BE54-9A1E7A4F7556}") = "AcademyApp", "AcademyApp\AcademyApp.csproj", "{4559C42D-B8B1-477B-A25F-355F900FB16D}"
EndProject
Project("{FAE04EC0-301F-11D3-BF4B-00C04F79EFBC}") = "AcademyAppLibrary", "AcademyAppLibrary\AcademyAppLibrary.csproj", "{AEEA3F99-6AEF-496D-8AAB-8C15EC0B5E4D}"
EndProject
Project("{FAE04EC0-301F-11D3-BF4B-00C04F79EFBC}") = "AcademyAppServices", "AcademyAppServices\AcademyAppServices.csproj", "{06DDCA35-7751-4A88-9A5E-19C216574023}"
EndProject
Global
	GlobalSection(SolutionConfigurationPlatforms) = preSolution
		Debug|Any CPU = Debug|Any CPU
		Release|Any CPU = Release|Any CPU
	EndGlobalSection
	GlobalSection(ProjectConfigurationPlatforms) = postSolution
		{4559C42D-B8B1-477B-A25F-355F900FB16D}.Debug|Any CPU.ActiveCfg = Debug|Any CPU
		{4559C42D-B8B1-477B-A25F-355F900FB16D}.Debug|Any CPU.Build.0 = Debug|Any CPU
		{4559C42D-B8B1-477B-A25F-355F900FB16D}.Release|Any CPU.ActiveCfg = Release|Any CPU
		{4559C42D-B8B1-477B-A25F-355F900FB16D}.Release|Any CPU.Build.0 = Release|Any CPU
		{AEEA3F99-6AEF-496D-8AAB-8C15EC0B5E4D}.Debug|Any CPU.ActiveCfg = Debug|Any CPU
		{AEEA3F99-6AEF-496D-8AAB-8C15EC0B5E4D}.Debug|Any CPU.Build.0 = Debug|Any CPU
		{AEEA3F99-6AEF-496D-8AAB-8C15EC0B5E4D}.Release|Any CPU.ActiveCfg = Release|Any CPU
		{AEEA3F99-6AEF-496D-8AAB-8C15EC0B5E4D}.Release|Any CPU.Build.0 = Release|Any CPU
		{06DDCA35-7751-4A88-9A5E-19C216574023}.Debug|Any CPU.ActiveCfg = Debug|Any CPU
		{06DDCA35-7751-4A88-9A5E-19C216574023}.Debug|Any CPU.Build.0 = Debug|Any CPU
		{06DDCA35-7751-4A88-9A5E-19C216574023}.Release|Any CPU.ActiveCfg = Release|Any CPU
		{06DDCA35-7751-4A88-9A5E-19C216574023}.Release|Any CPU.Build.0 = Release|Any CPU
	EndGlobalSection
	GlobalSection(SolutionProperties) = preSolution
		HideSolutionNode = FALSE
	EndGlobalSection
	GlobalSection(ExtensibilityGlobals) = postSolution
		SolutionGuid = {CDF2EF9A-190D-448B-A8F5-3F1A62F4C839}
	EndGlobalSection
EndGlobal
