
Microsoft Visual Studio Solution File, Format Version 12.00
# Visual Studio Version 16
VisualStudioVersion = 16.0.31112.23
MinimumVisualStudioVersion = 10.0.40219.1
Project("{FAE04EC0-301F-11D3-BF4B-00C04F79EFBC}") = "MillionaireQuiz", "MillionaireQuiz\MillionaireQuiz.csproj", "{50E2DCB5-22E4-477E-A851-D7713214FDBC}"
EndProject
Project("{FAE04EC0-301F-11D3-BF4B-00C04F79EFBC}") = "MillionaireQuizLibrary", "MillionaireQuizLibrary\MillionaireQuizLibrary.csproj", "{F799A8A3-6001-4487-90D4-B2DB38A29582}"
EndProject
Project("{FAE04EC0-301F-11D3-BF4B-00C04F79EFBC}") = "MillionaireQuizServices", "MillionaireQuizServices\MillionaireQuizServices.csproj", "{F70C9776-F4ED-490D-B12D-22255DBCD3C6}"
EndProject
Global
	GlobalSection(SolutionConfigurationPlatforms) = preSolution
		Debug|Any CPU = Debug|Any CPU
		Release|Any CPU = Release|Any CPU
	EndGlobalSection
	GlobalSection(ProjectConfigurationPlatforms) = postSolution
		{50E2DCB5-22E4-477E-A851-D7713214FDBC}.Debug|Any CPU.ActiveCfg = Debug|Any CPU
		{50E2DCB5-22E4-477E-A851-D7713214FDBC}.Debug|Any CPU.Build.0 = Debug|Any CPU
		{50E2DCB5-22E4-477E-A851-D7713214FDBC}.Release|Any CPU.ActiveCfg = Release|Any CPU
		{50E2DCB5-22E4-477E-A851-D7713214FDBC}.Release|Any CPU.Build.0 = Release|Any CPU
		{F799A8A3-6001-4487-90D4-B2DB38A29582}.Debug|Any CPU.ActiveCfg = Debug|Any CPU
		{F799A8A3-6001-4487-90D4-B2DB38A29582}.Debug|Any CPU.Build.0 = Debug|Any CPU
		{F799A8A3-6001-4487-90D4-B2DB38A29582}.Release|Any CPU.ActiveCfg = Release|Any CPU
		{F799A8A3-6001-4487-90D4-B2DB38A29582}.Release|Any CPU.Build.0 = Release|Any CPU
		{F70C9776-F4ED-490D-B12D-22255DBCD3C6}.Debug|Any CPU.ActiveCfg = Debug|Any CPU
		{F70C9776-F4ED-490D-B12D-22255DBCD3C6}.Debug|Any CPU.Build.0 = Debug|Any CPU
		{F70C9776-F4ED-490D-B12D-22255DBCD3C6}.Release|Any CPU.ActiveCfg = Release|Any CPU
		{F70C9776-F4ED-490D-B12D-22255DBCD3C6}.Release|Any CPU.Build.0 = Release|Any CPU
	EndGlobalSection
	GlobalSection(SolutionProperties) = preSolution
		HideSolutionNode = FALSE
	EndGlobalSection
	GlobalSection(ExtensibilityGlobals) = postSolution
		SolutionGuid = {5D6368AD-B777-417F-B2FF-314F5CA11B11}
	EndGlobalSection
EndGlobal
